
Microsoft Visual Studio Solution File, Format Version 12.00
# Visual Studio Version 16
VisualStudioVersion = 16.0.30517.126
MinimumVisualStudioVersion = 10.0.40219.1
Project("{8BC9CEB8-8B4A-11D0-8D11-00A0C91BC942}") = "Server", "ServerClient\ServerClient.vcxproj", "{D9D2E089-C026-42AE-A7ED-4A82DCF4E555}"
EndProject
Global
	GlobalSection(SolutionConfigurationPlatforms) = preSolution
		Debug|x64 = Debug|x64
		Debug|x86 = Debug|x86
		Release|x64 = Release|x64
		Release|x86 = Release|x86
	EndGlobalSection
	GlobalSection(ProjectConfigurationPlatforms) = postSolution
		{D9D2E089-C026-42AE-A7ED-4A82DCF4E555}.Debug|x64.ActiveCfg = Debug|x64
		{D9D2E089-C026-42AE-A7ED-4A82DCF4E555}.Debug|x64.Build.0 = Debug|x64
		{D9D2E089-C026-42AE-A7ED-4A82DCF4E555}.Debug|x86.ActiveCfg = Debug|Win32
		{D9D2E089-C026-42AE-A7ED-4A82DCF4E555}.Debug|x86.Build.0 = Debug|Win32
		{D9D2E089-C026-42AE-A7ED-4A82DCF4E555}.Release|x64.ActiveCfg = Release|x64
		{D9D2E089-C026-42AE-A7ED-4A82DCF4E555}.Release|x64.Build.0 = Release|x64
		{D9D2E089-C026-42AE-A7ED-4A82DCF4E555}.Release|x86.ActiveCfg = Release|Win32
		{D9D2E089-C026-42AE-A7ED-4A82DCF4E555}.Release|x86.Build.0 = Release|Win32
	EndGlobalSection
	GlobalSection(SolutionProperties) = preSolution
		HideSolutionNode = FALSE
	EndGlobalSection
	GlobalSection(ExtensibilityGlobals) = postSolution
		SolutionGuid = {C7C13885-AD4F-4702-B280-1DC5F28DBB75}
	EndGlobalSection
EndGlobal
